// !$*UTF8*$!
{
	archiveVersion = 1;
	classes = {
	};
	objectVersion = 48;
	objects = {

/* Begin PBXBuildFile section */
		FC69A82220A42374009EB670 /* StickyHeadersLayout.swift in Sources */ = {isa = PBXBuildFile; fileRef = FC69A82120A42374009EB670 /* StickyHeadersLayout.swift */; };
		FC69A82420A4594F009EB670 /* StickyHeadersViewController.swift in Sources */ = {isa = PBXBuildFile; fileRef = FC69A82320A4594F009EB670 /* StickyHeadersViewController.swift */; };
		FC9B1FFE209308B200AB823C /* StrechyHeadersViewController.swift in Sources */ = {isa = PBXBuildFile; fileRef = FC9B1FFD209308B200AB823C /* StrechyHeadersViewController.swift */; };
		FC9B2000209308E900AB823C /* StrechyHeadersLayout.swift in Sources */ = {isa = PBXBuildFile; fileRef = FC9B1FFF209308E900AB823C /* StrechyHeadersLayout.swift */; };
		FC9CA6D7207B67DB007FD2C4 /* AppDelegate.swift in Sources */ = {isa = PBXBuildFile; fileRef = FC9CA6D6207B67DB007FD2C4 /* AppDelegate.swift */; };
		FC9CA6D9207B67DB007FD2C4 /* PinterestViewController.swift in Sources */ = {isa = PBXBuildFile; fileRef = FC9CA6D8207B67DB007FD2C4 /* PinterestViewController.swift */; };
		FC9CA6DC207B67DB007FD2C4 /* Main.storyboard in Resources */ = {isa = PBXBuildFile; fileRef = FC9CA6DA207B67DB007FD2C4 /* Main.storyboard */; };
		FC9CA6DE207B67DB007FD2C4 /* Assets.xcassets in Resources */ = {isa = PBXBuildFile; fileRef = FC9CA6DD207B67DB007FD2C4 /* Assets.xcassets */; };
		FC9CA6E1207B67DB007FD2C4 /* LaunchScreen.storyboard in Resources */ = {isa = PBXBuildFile; fileRef = FC9CA6DF207B67DB007FD2C4 /* LaunchScreen.storyboard */; };
		FCB80A5120843CD1003B2476 /* PinterestLayout.swift in Sources */ = {isa = PBXBuildFile; fileRef = FCB80A5020843CD1003B2476 /* PinterestLayout.swift */; };
		FCB80A5520847E87003B2476 /* CollectionViewCell.swift in Sources */ = {isa = PBXBuildFile; fileRef = FCB80A5420847E87003B2476 /* CollectionViewCell.swift */; };
		FCD3FFC120A2FD01005E42C9 /* StrechyHeaderView.swift in Sources */ = {isa = PBXBuildFile; fileRef = FCD3FFC020A2FD01005E42C9 /* StrechyHeaderView.swift */; };
/* End PBXBuildFile section */

/* Begin PBXFileReference section */
		FC69A82120A42374009EB670 /* StickyHeadersLayout.swift */ = {isa = PBXFileReference; lastKnownFileType = sourcecode.swift; path = StickyHeadersLayout.swift; sourceTree = "<group>"; };
		FC69A82320A4594F009EB670 /* StickyHeadersViewController.swift */ = {isa = PBXFileReference; lastKnownFileType = sourcecode.swift; path = StickyHeadersViewController.swift; sourceTree = "<group>"; };
		FC9B1FFD209308B200AB823C /* StrechyHeadersViewController.swift */ = {isa = PBXFileReference; lastKnownFileType = sourcecode.swift; path = StrechyHeadersViewController.swift; sourceTree = "<group>"; };
		FC9B1FFF209308E900AB823C /* StrechyHeadersLayout.swift */ = {isa = PBXFileReference; lastKnownFileType = sourcecode.swift; path = StrechyHeadersLayout.swift; sourceTree = "<group>"; };
		FC9CA6D3207B67DB007FD2C4 /* DemoCollectionView.app */ = {isa = PBXFileReference; explicitFileType = wrapper.application; includeInIndex = 0; path = DemoCollectionView.app; sourceTree = BUILT_PRODUCTS_DIR; };
		FC9CA6D6207B67DB007FD2C4 /* AppDelegate.swift */ = {isa = PBXFileReference; lastKnownFileType = sourcecode.swift; path = AppDelegate.swift; sourceTree = "<group>"; };
		FC9CA6D8207B67DB007FD2C4 /* PinterestViewController.swift */ = {isa = PBXFileReference; lastKnownFileType = sourcecode.swift; path = PinterestViewController.swift; sourceTree = "<group>"; };
		FC9CA6DB207B67DB007FD2C4 /* Base */ = {isa = PBXFileReference; lastKnownFileType = file.storyboard; name = Base; path = Base.lproj/Main.storyboard; sourceTree = "<group>"; };
		FC9CA6DD207B67DB007FD2C4 /* Assets.xcassets */ = {isa = PBXFileReference; lastKnownFileType = folder.assetcatalog; path = Assets.xcassets; sourceTree = "<group>"; };
		FC9CA6E0207B67DB007FD2C4 /* Base */ = {isa = PBXFileReference; lastKnownFileType = file.storyboard; name = Base; path = Base.lproj/LaunchScreen.storyboard; sourceTree = "<group>"; };
		FC9CA6E2207B67DB007FD2C4 /* Info.plist */ = {isa = PBXFileReference; lastKnownFileType = text.plist.xml; path = Info.plist; sourceTree = "<group>"; };
		FCB80A5020843CD1003B2476 /* PinterestLayout.swift */ = {isa = PBXFileReference; lastKnownFileType = sourcecode.swift; path = PinterestLayout.swift; sourceTree = "<group>"; };
		FCB80A5420847E87003B2476 /* CollectionViewCell.swift */ = {isa = PBXFileReference; lastKnownFileType = sourcecode.swift; path = CollectionViewCell.swift; sourceTree = "<group>"; };
		FCD3FFC020A2FD01005E42C9 /* StrechyHeaderView.swift */ = {isa = PBXFileReference; lastKnownFileType = sourcecode.swift; path = StrechyHeaderView.swift; sourceTree = "<group>"; };
/* End PBXFileReference section */

/* Begin PBXFrameworksBuildPhase section */
		FC9CA6D0207B67DB007FD2C4 /* Frameworks */ = {
			isa = PBXFrameworksBuildPhase;
			buildActionMask = 2147483647;
			files = (
			);
			runOnlyForDeploymentPostprocessing = 0;
		};
/* End PBXFrameworksBuildPhase section */

/* Begin PBXGroup section */
		FC4580AB2080AE8F00B13EBA /* View Controllers */ = {
			isa = PBXGroup;
			children = (
				FC9CA6D8207B67DB007FD2C4 /* PinterestViewController.swift */,
				FC9B1FFD209308B200AB823C /* StrechyHeadersViewController.swift */,
				FC69A82320A4594F009EB670 /* StickyHeadersViewController.swift */,
			);
			path = "View Controllers";
			sourceTree = "<group>";
		};
		FC4580AC2080AECB00B13EBA /* Storyboards & Xibs */ = {
			isa = PBXGroup;
			children = (
				FC9CA6DA207B67DB007FD2C4 /* Main.storyboard */,
				FC9CA6DF207B67DB007FD2C4 /* LaunchScreen.storyboard */,
			);
			path = "Storyboards & Xibs";
			sourceTree = "<group>";
		};
		FC4580AD2080AEF700B13EBA /* Layouts */ = {
			isa = PBXGroup;
			children = (
				FCB80A5020843CD1003B2476 /* PinterestLayout.swift */,
				FC9B1FFF209308E900AB823C /* StrechyHeadersLayout.swift */,
				FC69A82120A42374009EB670 /* StickyHeadersLayout.swift */,
			);
			path = Layouts;
			sourceTree = "<group>";
		};
		FC9CA6CA207B67DB007FD2C4 = {
			isa = PBXGroup;
			children = (
				FC9CA6D5207B67DB007FD2C4 /* DemoCollectionView */,
				FC9CA6D4207B67DB007FD2C4 /* Products */,
			);
			sourceTree = "<group>";
		};
		FC9CA6D4207B67DB007FD2C4 /* Products */ = {
			isa = PBXGroup;
			children = (
				FC9CA6D3207B67DB007FD2C4 /* DemoCollectionView.app */,
			);
			name = Products;
			sourceTree = "<group>";
		};
		FC9CA6D5207B67DB007FD2C4 /* DemoCollectionView */ = {
			isa = PBXGroup;
			children = (
				FCB80A5220846522003B2476 /* Views */,
				FC4580AD2080AEF700B13EBA /* Layouts */,
				FC4580AC2080AECB00B13EBA /* Storyboards & Xibs */,
				FC4580AB2080AE8F00B13EBA /* View Controllers */,
				FC9CA6D6207B67DB007FD2C4 /* AppDelegate.swift */,
				FC9CA6DD207B67DB007FD2C4 /* Assets.xcassets */,
				FC9CA6E2207B67DB007FD2C4 /* Info.plist */,
			);
			path = DemoCollectionView;
			sourceTree = "<group>";
		};
		FCB80A5220846522003B2476 /* Views */ = {
			isa = PBXGroup;
			children = (
				FCD3FFBF20A2FCD3005E42C9 /* New Group */,
				FCB80A5320846532003B2476 /* Cell */,
				FCD3FFC020A2FD01005E42C9 /* StrechyHeaderView.swift */,
			);
			path = Views;
			sourceTree = "<group>";
		};
		FCB80A5320846532003B2476 /* Cell */ = {
			isa = PBXGroup;
			children = (
				FCB80A5420847E87003B2476 /* CollectionViewCell.swift */,
			);
			path = Cell;
			sourceTree = "<group>";
		};
		FCD3FFBF20A2FCD3005E42C9 /* New Group */ = {
			isa = PBXGroup;
			children = (
			);
			path = "New Group";
			sourceTree = "<group>";
		};
/* End PBXGroup section */

/* Begin PBXNativeTarget section */
		FC9CA6D2207B67DB007FD2C4 /* DemoCollectionView */ = {
			isa = PBXNativeTarget;
			buildConfigurationList = FC9CA6E5207B67DB007FD2C4 /* Build configuration list for PBXNativeTarget "DemoCollectionView" */;
			buildPhases = (
				FC9CA6CF207B67DB007FD2C4 /* Sources */,
				FC9CA6D0207B67DB007FD2C4 /* Frameworks */,
				FC9CA6D1207B67DB007FD2C4 /* Resources */,
			);
			buildRules = (
			);
			dependencies = (
			);
			name = DemoCollectionView;
			productName = DemoCollectionView;
			productReference = FC9CA6D3207B67DB007FD2C4 /* DemoCollectionView.app */;
			productType = "com.apple.product-type.application";
		};
/* End PBXNativeTarget section */

/* Begin PBXProject section */
		FC9CA6CB207B67DB007FD2C4 /* Project object */ = {
			isa = PBXProject;
			attributes = {
				LastSwiftUpdateCheck = 0920;
				LastUpgradeCheck = 0920;
				ORGANIZATIONNAME = "Huy Tong N.H.";
				TargetAttributes = {
					FC9CA6D2207B67DB007FD2C4 = {
						CreatedOnToolsVersion = 9.2;
						ProvisioningStyle = Automatic;
					};
				};
			};
			buildConfigurationList = FC9CA6CE207B67DB007FD2C4 /* Build configuration list for PBXProject "DemoCollectionView" */;
			compatibilityVersion = "Xcode 8.0";
			developmentRegion = en;
			hasScannedForEncodings = 0;
			knownRegions = (
				en,
				Base,
			);
			mainGroup = FC9CA6CA207B67DB007FD2C4;
			productRefGroup = FC9CA6D4207B67DB007FD2C4 /* Products */;
			projectDirPath = "";
			projectRoot = "";
			targets = (
				FC9CA6D2207B67DB007FD2C4 /* DemoCollectionView */,
			);
		};
/* End PBXProject section */

/* Begin PBXResourcesBuildPhase section */
		FC9CA6D1207B67DB007FD2C4 /* Resources */ = {
			isa = PBXResourcesBuildPhase;
			buildActionMask = 2147483647;
			files = (
				FC9CA6E1207B67DB007FD2C4 /* LaunchScreen.storyboard in Resources */,
				FC9CA6DE207B67DB007FD2C4 /* Assets.xcassets in Resources */,
				FC9CA6DC207B67DB007FD2C4 /* Main.storyboard in Resources */,
			);
			runOnlyForDeploymentPostprocessing = 0;
		};
/* End PBXResourcesBuildPhase section */

/* Begin PBXSourcesBuildPhase section */
		FC9CA6CF207B67DB007FD2C4 /* Sources */ = {
			isa = PBXSourcesBuildPhase;
			buildActionMask = 2147483647;
			files = (
				FCB80A5120843CD1003B2476 /* PinterestLayout.swift in Sources */,
				FCD3FFC120A2FD01005E42C9 /* StrechyHeaderView.swift in Sources */,
				FC9CA6D9207B67DB007FD2C4 /* PinterestViewController.swift in Sources */,
				FC69A82420A4594F009EB670 /* StickyHeadersViewController.swift in Sources */,
				FC9B1FFE209308B200AB823C /* StrechyHeadersViewController.swift in Sources */,
				FC9B2000209308E900AB823C /* StrechyHeadersLayout.swift in Sources */,
				FC69A82220A42374009EB670 /* StickyHeadersLayout.swift in Sources */,
				FCB80A5520847E87003B2476 /* CollectionViewCell.swift in Sources */,
				FC9CA6D7207B67DB007FD2C4 /* AppDelegate.swift in Sources */,
			);
			runOnlyForDeploymentPostprocessing = 0;
		};
/* End PBXSourcesBuildPhase section */

/* Begin PBXVariantGroup section */
		FC9CA6DA207B67DB007FD2C4 /* Main.storyboard */ = {
			isa = PBXVariantGroup;
			children = (
				FC9CA6DB207B67DB007FD2C4 /* Base */,
			);
			name = Main.storyboard;
			sourceTree = "<group>";
		};
		FC9CA6DF207B67DB007FD2C4 /* LaunchScreen.storyboard */ = {
			isa = PBXVariantGroup;
			children = (
				FC9CA6E0207B67DB007FD2C4 /* Base */,
			);
			name = LaunchScreen.storyboard;
			sourceTree = "<group>";
		};
/* End PBXVariantGroup section */

/* Begin XCBuildConfiguration section */
		FC9CA6E3207B67DB007FD2C4 /* Debug */ = {
			isa = XCBuildConfiguration;
			buildSettings = {
				ALWAYS_SEARCH_USER_PATHS = NO;
				CLANG_ANALYZER_NONNULL = YES;
				CLANG_ANALYZER_NUMBER_OBJECT_CONVERSION = YES_AGGRESSIVE;
				CLANG_CXX_LANGUAGE_STANDARD = "gnu++14";
				CLANG_CXX_LIBRARY = "libc++";
				CLANG_ENABLE_MODULES = YES;
				CLANG_ENABLE_OBJC_ARC = YES;
				CLANG_WARN_BLOCK_CAPTURE_AUTORELEASING = YES;
				CLANG_WARN_BOOL_CONVERSION = YES;
				CLANG_WARN_COMMA = YES;
				CLANG_WARN_CONSTANT_CONVERSION = YES;
				CLANG_WARN_DIRECT_OBJC_ISA_USAGE = YES_ERROR;
				CLANG_WARN_DOCUMENTATION_COMMENTS = YES;
				CLANG_WARN_EMPTY_BODY = YES;
				CLANG_WARN_ENUM_CONVERSION = YES;
				CLANG_WARN_INFINITE_RECURSION = YES;
				CLANG_WARN_INT_CONVERSION = YES;
				CLANG_WARN_NON_LITERAL_NULL_CONVERSION = YES;
				CLANG_WARN_OBJC_LITERAL_CONVERSION = YES;
				CLANG_WARN_OBJC_ROOT_CLASS = YES_ERROR;
				CLANG_WARN_RANGE_LOOP_ANALYSIS = YES;
				CLANG_WARN_STRICT_PROTOTYPES = YES;
				CLANG_WARN_SUSPICIOUS_MOVE = YES;
				CLANG_WARN_UNGUARDED_AVAILABILITY = YES_AGGRESSIVE;
				CLANG_WARN_UNREACHABLE_CODE = YES;
				CLANG_WARN__DUPLICATE_METHOD_MATCH = YES;
				CODE_SIGN_IDENTITY = "iPhone Developer";
				COPY_PHASE_STRIP = NO;
				DEBUG_INFORMATION_FORMAT = dwarf;
				ENABLE_STRICT_OBJC_MSGSEND = YES;
				ENABLE_TESTABILITY = YES;
				GCC_C_LANGUAGE_STANDARD = gnu11;
				GCC_DYNAMIC_NO_PIC = NO;
				GCC_NO_COMMON_BLOCKS = YES;
				GCC_OPTIMIZATION_LEVEL = 0;
				GCC_PREPROCESSOR_DEFINITIONS = (
					"DEBUG=1",
					"$(inherited)",
				);
				GCC_WARN_64_TO_32_BIT_CONVERSION = YES;
				GCC_WARN_ABOUT_RETURN_TYPE = YES_ERROR;
				GCC_WARN_UNDECLARED_SELECTOR = YES;
				GCC_WARN_UNINITIALIZED_AUTOS = YES_AGGRESSIVE;
				GCC_WARN_UNUSED_FUNCTION = YES;
				GCC_WARN_UNUSED_VARIABLE = YES;
				IPHONEOS_DEPLOYMENT_TARGET = 11.2;
				MTL_ENABLE_DEBUG_INFO = YES;
				ONLY_ACTIVE_ARCH = YES;
				SDKROOT = iphoneos;
				SWIFT_ACTIVE_COMPILATION_CONDITIONS = DEBUG;
				SWIFT_OPTIMIZATION_LEVEL = "-Onone";
			};
			name = Debug;
		};
		FC9CA6E4207B67DB007FD2C4 /* Release */ = {
			isa = XCBuildConfiguration;
			buildSettings = {
				ALWAYS_SEARCH_USER_PATHS = NO;
				CLANG_ANALYZER_NONNULL = YES;
				CLANG_ANALYZER_NUMBER_OBJECT_CONVERSION = YES_AGGRESSIVE;
				CLANG_CXX_LANGUAGE_STANDARD = "gnu++14";
				CLANG_CXX_LIBRARY = "libc++";
				CLANG_ENABLE_MODULES = YES;
				CLANG_ENABLE_OBJC_ARC = YES;
				CLANG_WARN_BLOCK_CAPTURE_AUTORELEASING = YES;
				CLANG_WARN_BOOL_CONVERSION = YES;
				CLANG_WARN_COMMA = YES;
				CLANG_WARN_CONSTANT_CONVERSION = YES;
				CLANG_WARN_DIRECT_OBJC_ISA_USAGE = YES_ERROR;
				CLANG_WARN_DOCUMENTATION_COMMENTS = YES;
				CLANG_WARN_EMPTY_BODY = YES;
				CLANG_WARN_ENUM_CONVERSION = YES;
				CLANG_WARN_INFINITE_RECURSION = YES;
				CLANG_WARN_INT_CONVERSION = YES;
				CLANG_WARN_NON_LITERAL_NULL_CONVERSION = YES;
				CLANG_WARN_OBJC_LITERAL_CONVERSION = YES;
				CLANG_WARN_OBJC_ROOT_CLASS = YES_ERROR;
				CLANG_WARN_RANGE_LOOP_ANALYSIS = YES;
				CLANG_WARN_STRICT_PROTOTYPES = YES;
				CLANG_WARN_SUSPICIOUS_MOVE = YES;
				CLANG_WARN_UNGUARDED_AVAILABILITY = YES_AGGRESSIVE;
				CLANG_WARN_UNREACHABLE_CODE = YES;
				CLANG_WARN__DUPLICATE_METHOD_MATCH = YES;
				CODE_SIGN_IDENTITY = "iPhone Developer";
				COPY_PHASE_STRIP = NO;
				DEBUG_INFORMATION_FORMAT = "dwarf-with-dsym";
				ENABLE_NS_ASSERTIONS = NO;
				ENABLE_STRICT_OBJC_MSGSEND = YES;
				GCC_C_LANGUAGE_STANDARD = gnu11;
				GCC_NO_COMMON_BLOCKS = YES;
				GCC_WARN_64_TO_32_BIT_CONVERSION = YES;
				GCC_WARN_ABOUT_RETURN_TYPE = YES_ERROR;
				GCC_WARN_UNDECLARED_SELECTOR = YES;
				GCC_WARN_UNINITIALIZED_AUTOS = YES_AGGRESSIVE;
				GCC_WARN_UNUSED_FUNCTION = YES;
				GCC_WARN_UNUSED_VARIABLE = YES;
				IPHONEOS_DEPLOYMENT_TARGET = 11.2;
				MTL_ENABLE_DEBUG_INFO = NO;
				SDKROOT = iphoneos;
				SWIFT_OPTIMIZATION_LEVEL = "-Owholemodule";
				VALIDATE_PRODUCT = YES;
			};
			name = Release;
		};
		FC9CA6E6207B67DB007FD2C4 /* Debug */ = {
			isa = XCBuildConfiguration;
			buildSettings = {
				ASSETCATALOG_COMPILER_APPICON_NAME = AppIcon;
				CODE_SIGN_STYLE = Automatic;
				DEVELOPMENT_TEAM = 2G5WM4GA2H;
				INFOPLIST_FILE = DemoCollectionView/Info.plist;
				LD_RUNPATH_SEARCH_PATHS = "$(inherited) @executable_path/Frameworks";
				PRODUCT_BUNDLE_IDENTIFIER = huytong.DemoCollectionView;
				PRODUCT_NAME = "$(TARGET_NAME)";
				SWIFT_VERSION = 4.0;
				TARGETED_DEVICE_FAMILY = "1,2";
			};
			name = Debug;
		};
		FC9CA6E7207B67DB007FD2C4 /* Release */ = {
			isa = XCBuildConfiguration;
			buildSettings = {
				ASSETCATALOG_COMPILER_APPICON_NAME = AppIcon;
				CODE_SIGN_STYLE = Automatic;
				DEVELOPMENT_TEAM = 2G5WM4GA2H;
				INFOPLIST_FILE = DemoCollectionView/Info.plist;
				LD_RUNPATH_SEARCH_PATHS = "$(inherited) @executable_path/Frameworks";
				PRODUCT_BUNDLE_IDENTIFIER = huytong.DemoCollectionView;
				PRODUCT_NAME = "$(TARGET_NAME)";
				SWIFT_VERSION = 4.0;
				TARGETED_DEVICE_FAMILY = "1,2";
			};
			name = Release;
		};
/* End XCBuildConfiguration section */

/* Begin XCConfigurationList section */
		FC9CA6CE207B67DB007FD2C4 /* Build configuration list for PBXProject "DemoCollectionView" */ = {
			isa = XCConfigurationList;
			buildConfigurations = (
				FC9CA6E3207B67DB007FD2C4 /* Debug */,
				FC9CA6E4207B67DB007FD2C4 /* Release */,
			);
			defaultConfigurationIsVisible = 0;
			defaultConfigurationName = Release;
		};
		FC9CA6E5207B67DB007FD2C4 /* Build configuration list for PBXNativeTarget "DemoCollectionView" */ = {
			isa = XCConfigurationList;
			buildConfigurations = (
				FC9CA6E6207B67DB007FD2C4 /* Debug */,
				FC9CA6E7207B67DB007FD2C4 /* Release */,
			);
			defaultConfigurationIsVisible = 0;
			defaultConfigurationName = Release;
		};
/* End XCConfigurationList section */
	};
	rootObject = FC9CA6CB207B67DB007FD2C4 /* Project object */;
}
